
Microsoft Visual Studio Solution File, Format Version 12.00
# Visual Studio Version 16
VisualStudioVersion = 16.0.31205.134
MinimumVisualStudioVersion = 10.0.40219.1
Project("{FAE04EC0-301F-11D3-BF4B-00C04F79EFBC}") = "AppLoginModerno.UWP", "AppLoginModerno\AppLoginModerno.UWP\AppLoginModerno.UWP.csproj", "{638B0480-1BD9-45D4-824F-5F9E9668C3DF}"
EndProject
Project("{FAE04EC0-301F-11D3-BF4B-00C04F79EFBC}") = "AppLoginModerno.Android", "AppLoginModerno\AppLoginModerno.Android\AppLoginModerno.Android.csproj", "{895CA2E3-126F-47C0-BD11-EECF60DF503C}"
EndProject
Project("{FAE04EC0-301F-11D3-BF4B-00C04F79EFBC}") = "AppLoginModerno", "AppLoginModerno\AppLoginModerno\AppLoginModerno.csproj", "{F9B99754-CF4C-4A10-9132-4285720FEE01}"
EndProject
Global
	GlobalSection(SolutionConfigurationPlatforms) = preSolution
		Debug|Any CPU = Debug|Any CPU
		Debug|ARM = Debug|ARM
		Debug|x64 = Debug|x64
		Debug|x86 = Debug|x86
		Release|Any CPU = Release|Any CPU
		Release|ARM = Release|ARM
		Release|x64 = Release|x64
		Release|x86 = Release|x86
	EndGlobalSection
	GlobalSection(ProjectConfigurationPlatforms) = postSolution
		{638B0480-1BD9-45D4-824F-5F9E9668C3DF}.Debug|Any CPU.ActiveCfg = Debug|x86
		{638B0480-1BD9-45D4-824F-5F9E9668C3DF}.Debug|Any CPU.Build.0 = Debug|x86
		{638B0480-1BD9-45D4-824F-5F9E9668C3DF}.Debug|Any CPU.Deploy.0 = Debug|x86
		{638B0480-1BD9-45D4-824F-5F9E9668C3DF}.Debug|ARM.ActiveCfg = Debug|ARM
		{638B0480-1BD9-45D4-824F-5F9E9668C3DF}.Debug|ARM.Build.0 = Debug|ARM
		{638B0480-1BD9-45D4-824F-5F9E9668C3DF}.Debug|ARM.Deploy.0 = Debug|ARM
		{638B0480-1BD9-45D4-824F-5F9E9668C3DF}.Debug|x64.ActiveCfg = Debug|x64
		{638B0480-1BD9-45D4-824F-5F9E9668C3DF}.Debug|x64.Build.0 = Debug|x64
		{638B0480-1BD9-45D4-824F-5F9E9668C3DF}.Debug|x64.Deploy.0 = Debug|x64
		{638B0480-1BD9-45D4-824F-5F9E9668C3DF}.Debug|x86.ActiveCfg = Debug|x86
		{638B0480-1BD9-45D4-824F-5F9E9668C3DF}.Debug|x86.Build.0 = Debug|x86
		{638B0480-1BD9-45D4-824F-5F9E9668C3DF}.Debug|x86.Deploy.0 = Debug|x86
		{638B0480-1BD9-45D4-824F-5F9E9668C3DF}.Release|Any CPU.ActiveCfg = Release|x86
		{638B0480-1BD9-45D4-824F-5F9E9668C3DF}.Release|Any CPU.Build.0 = Release|x86
		{638B0480-1BD9-45D4-824F-5F9E9668C3DF}.Release|Any CPU.Deploy.0 = Release|x86
		{638B0480-1BD9-45D4-824F-5F9E9668C3DF}.Release|ARM.ActiveCfg = Release|ARM
		{638B0480-1BD9-45D4-824F-5F9E9668C3DF}.Release|ARM.Build.0 = Release|ARM
		{638B0480-1BD9-45D4-824F-5F9E9668C3DF}.Release|ARM.Deploy.0 = Release|ARM
		{638B0480-1BD9-45D4-824F-5F9E9668C3DF}.Release|x64.ActiveCfg = Release|x64
		{638B0480-1BD9-45D4-824F-5F9E9668C3DF}.Release|x64.Build.0 = Release|x64
		{638B0480-1BD9-45D4-824F-5F9E9668C3DF}.Release|x64.Deploy.0 = Release|x64
		{638B0480-1BD9-45D4-824F-5F9E9668C3DF}.Release|x86.ActiveCfg = Release|x86
		{638B0480-1BD9-45D4-824F-5F9E9668C3DF}.Release|x86.Build.0 = Release|x86
		{638B0480-1BD9-45D4-824F-5F9E9668C3DF}.Release|x86.Deploy.0 = Release|x86
		{895CA2E3-126F-47C0-BD11-EECF60DF503C}.Debug|Any CPU.ActiveCfg = Debug|Any CPU
		{895CA2E3-126F-47C0-BD11-EECF60DF503C}.Debug|Any CPU.Build.0 = Debug|Any CPU
		{895CA2E3-126F-47C0-BD11-EECF60DF503C}.Debug|Any CPU.Deploy.0 = Debug|Any CPU
		{895CA2E3-126F-47C0-BD11-EECF60DF503C}.Debug|ARM.ActiveCfg = Debug|Any CPU
		{895CA2E3-126F-47C0-BD11-EECF60DF503C}.Debug|ARM.Build.0 = Debug|Any CPU
		{895CA2E3-126F-47C0-BD11-EECF60DF503C}.Debug|ARM.Deploy.0 = Debug|Any CPU
		{895CA2E3-126F-47C0-BD11-EECF60DF503C}.Debug|x64.ActiveCfg = Debug|Any CPU
		{895CA2E3-126F-47C0-BD11-EECF60DF503C}.Debug|x64.Build.0 = Debug|Any CPU
		{895CA2E3-126F-47C0-BD11-EECF60DF503C}.Debug|x64.Deploy.0 = Debug|Any CPU
		{895CA2E3-126F-47C0-BD11-EECF60DF503C}.Debug|x86.ActiveCfg = Debug|Any CPU
		{895CA2E3-126F-47C0-BD11-EECF60DF503C}.Debug|x86.Build.0 = Debug|Any CPU
		{895CA2E3-126F-47C0-BD11-EECF60DF503C}.Debug|x86.Deploy.0 = Debug|Any CPU
		{895CA2E3-126F-47C0-BD11-EECF60DF503C}.Release|Any CPU.ActiveCfg = Release|Any CPU
		{895CA2E3-126F-47C0-BD11-EECF60DF503C}.Release|Any CPU.Build.0 = Release|Any CPU
		{895CA2E3-126F-47C0-BD11-EECF60DF503C}.Release|Any CPU.Deploy.0 = Release|Any CPU
		{895CA2E3-126F-47C0-BD11-EECF60DF503C}.Release|ARM.ActiveCfg = Release|Any CPU
		{895CA2E3-126F-47C0-BD11-EECF60DF503C}.Release|ARM.Build.0 = Release|Any CPU
		{895CA2E3-126F-47C0-BD11-EECF60DF503C}.Release|ARM.Deploy.0 = Release|Any CPU
		{895CA2E3-126F-47C0-BD11-EECF60DF503C}.Release|x64.ActiveCfg = Release|Any CPU
		{895CA2E3-126F-47C0-BD11-EECF60DF503C}.Release|x64.Build.0 = Release|Any CPU
		{895CA2E3-126F-47C0-BD11-EECF60DF503C}.Release|x64.Deploy.0 = Release|Any CPU
		{895CA2E3-126F-47C0-BD11-EECF60DF503C}.Release|x86.ActiveCfg = Release|Any CPU
		{895CA2E3-126F-47C0-BD11-EECF60DF503C}.Release|x86.Build.0 = Release|Any CPU
		{895CA2E3-126F-47C0-BD11-EECF60DF503C}.Release|x86.Deploy.0 = Release|Any CPU
		{F9B99754-CF4C-4A10-9132-4285720FEE01}.Debug|Any CPU.ActiveCfg = Debug|Any CPU
		{F9B99754-CF4C-4A10-9132-4285720FEE01}.Debug|Any CPU.Build.0 = Debug|Any CPU
		{F9B99754-CF4C-4A10-9132-4285720FEE01}.Debug|Any CPU.Deploy.0 = Debug|Any CPU
		{F9B99754-CF4C-4A10-9132-4285720FEE01}.Debug|ARM.ActiveCfg = Debug|Any CPU
		{F9B99754-CF4C-4A10-9132-4285720FEE01}.Debug|ARM.Build.0 = Debug|Any CPU
		{F9B99754-CF4C-4A10-9132-4285720FEE01}.Debug|ARM.Deploy.0 = Debug|Any CPU
		{F9B99754-CF4C-4A10-9132-4285720FEE01}.Debug|x64.ActiveCfg = Debug|Any CPU
		{F9B99754-CF4C-4A10-9132-4285720FEE01}.Debug|x64.Build.0 = Debug|Any CPU
		{F9B99754-CF4C-4A10-9132-4285720FEE01}.Debug|x64.Deploy.0 = Debug|Any CPU
		{F9B99754-CF4C-4A10-9132-4285720FEE01}.Debug|x86.ActiveCfg = Debug|Any CPU
		{F9B99754-CF4C-4A10-9132-4285720FEE01}.Debug|x86.Build.0 = Debug|Any CPU
		{F9B99754-CF4C-4A10-9132-4285720FEE01}.Debug|x86.Deploy.0 = Debug|Any CPU
		{F9B99754-CF4C-4A10-9132-4285720FEE01}.Release|Any CPU.ActiveCfg = Release|Any CPU
		{F9B99754-CF4C-4A10-9132-4285720FEE01}.Release|Any CPU.Build.0 = Release|Any CPU
		{F9B99754-CF4C-4A10-9132-4285720FEE01}.Release|Any CPU.Deploy.0 = Release|Any CPU
		{F9B99754-CF4C-4A10-9132-4285720FEE01}.Release|ARM.ActiveCfg = Release|Any CPU
		{F9B99754-CF4C-4A10-9132-4285720FEE01}.Release|ARM.Build.0 = Release|Any CPU
		{F9B99754-CF4C-4A10-9132-4285720FEE01}.Release|ARM.Deploy.0 = Release|Any CPU
		{F9B99754-CF4C-4A10-9132-4285720FEE01}.Release|x64.ActiveCfg = Release|Any CPU
		{F9B99754-CF4C-4A10-9132-4285720FEE01}.Release|x64.Build.0 = Release|Any CPU
		{F9B99754-CF4C-4A10-9132-4285720FEE01}.Release|x64.Deploy.0 = Release|Any CPU
		{F9B99754-CF4C-4A10-9132-4285720FEE01}.Release|x86.ActiveCfg = Release|Any CPU
		{F9B99754-CF4C-4A10-9132-4285720FEE01}.Release|x86.Build.0 = Release|Any CPU
		{F9B99754-CF4C-4A10-9132-4285720FEE01}.Release|x86.Deploy.0 = Release|Any CPU
	EndGlobalSection
	GlobalSection(SolutionProperties) = preSolution
		HideSolutionNode = FALSE
	EndGlobalSection
	GlobalSection(ExtensibilityGlobals) = postSolution
		SolutionGuid = {E9C9DDA8-62E4-4C63-A530-764A393CC79A}
	EndGlobalSection
EndGlobal
